
Microsoft Visual Studio Solution File, Format Version 12.00
# Visual Studio Version 16
VisualStudioVersion = 16.0.29709.97
MinimumVisualStudioVersion = 10.0.40219.1
Project("{FAE04EC0-301F-11D3-BF4B-00C04F79EFBC}") = "DescompressaoTeste02", "DescompressaoTeste02\DescompressaoTeste02.csproj", "{F1B37856-1799-44C4-B6E4-C23B4D551C87}"
EndProject
Global
	GlobalSection(SolutionConfigurationPlatforms) = preSolution
		Debug|Any CPU = Debug|Any CPU
		Release|Any CPU = Release|Any CPU
	EndGlobalSection
	GlobalSection(ProjectConfigurationPlatforms) = postSolution
		{F1B37856-1799-44C4-B6E4-C23B4D551C87}.Debug|Any CPU.ActiveCfg = Debug|Any CPU
		{F1B37856-1799-44C4-B6E4-C23B4D551C87}.Debug|Any CPU.Build.0 = Debug|Any CPU
		{F1B37856-1799-44C4-B6E4-C23B4D551C87}.Release|Any CPU.ActiveCfg = Release|Any CPU
		{F1B37856-1799-44C4-B6E4-C23B4D551C87}.Release|Any CPU.Build.0 = Release|Any CPU
	EndGlobalSection
	GlobalSection(SolutionProperties) = preSolution
		HideSolutionNode = FALSE
	EndGlobalSection
	GlobalSection(ExtensibilityGlobals) = postSolution
		SolutionGuid = {625B35DF-2D97-481F-875E-534D8793C14D}
	EndGlobalSection
EndGlobal
